Microsoft Visual Studio Solution File, Format Version 8.00
Project("{8BC9CEB8-8B4A-11D0-8D11-00A0C91BC942}") = "XWorld", "XWorld.vcproj", "{5525E121-CBFA-4DC3-BFD6-8EDA99F3AB06}"
	ProjectSection(ProjectDependencies) = postProject
	EndProjectSection
EndProject
Global
	GlobalSection(DPCodeReviewSolutionGUID) = preSolution
		DPCodeReviewSolutionGUID = {00000000-0000-0000-0000-000000000000}
	EndGlobalSection
	GlobalSection(SourceCodeControl) = preSolution
		SccNumberOfProjects = 1
		SccProjectUniqueName0 = XWorld.vcproj
		SccProjectName0 = \u0022$/Avanor\u0022,\u0020XIAAAAAA
		SccLocalPath0 = .
		SccProvider0 = MSSCCI:Microsoft\u0020Visual\u0020SourceSafe
	EndGlobalSection
	GlobalSection(SolutionConfiguration) = preSolution
		Debug = Debug
		Release = Release
	EndGlobalSection
	GlobalSection(ProjectConfiguration) = postSolution
		{5525E121-CBFA-4DC3-BFD6-8EDA99F3AB06}.Debug.ActiveCfg = Debug|Win32
		{5525E121-CBFA-4DC3-BFD6-8EDA99F3AB06}.Debug.Build.0 = Debug|Win32
		{5525E121-CBFA-4DC3-BFD6-8EDA99F3AB06}.Release.ActiveCfg = Release|Win32
		{5525E121-CBFA-4DC3-BFD6-8EDA99F3AB06}.Release.Build.0 = Release|Win32
	EndGlobalSection
	GlobalSection(ExtensibilityGlobals) = postSolution
	EndGlobalSection
	GlobalSection(ExtensibilityAddIns) = postSolution
	EndGlobalSection
EndGlobal
